
Microsoft Visual Studio Solution File, Format Version 12.00
# Visual Studio Version 16
VisualStudioVersion = 16.0.33214.272
MinimumVisualStudioVersion = 10.0.40219.1
Project("{FAE04EC0-301F-11D3-BF4B-00C04F79EFBC}") = "Intex2", "Intex2\Intex2.csproj", "{78412385-1147-4FD4-9F4A-CED4865BAEDD}"
EndProject
Global
	GlobalSection(SolutionConfigurationPlatforms) = preSolution
		Debug|Any CPU = Debug|Any CPU
		Release|Any CPU = Release|Any CPU
	EndGlobalSection
	GlobalSection(ProjectConfigurationPlatforms) = postSolution
		{78412385-1147-4FD4-9F4A-CED4865BAEDD}.Debug|Any CPU.ActiveCfg = Debug|Any CPU
		{78412385-1147-4FD4-9F4A-CED4865BAEDD}.Debug|Any CPU.Build.0 = Debug|Any CPU
		{78412385-1147-4FD4-9F4A-CED4865BAEDD}.Release|Any CPU.ActiveCfg = Release|Any CPU
		{78412385-1147-4FD4-9F4A-CED4865BAEDD}.Release|Any CPU.Build.0 = Release|Any CPU
	EndGlobalSection
	GlobalSection(SolutionProperties) = preSolution
		HideSolutionNode = FALSE
	EndGlobalSection
	GlobalSection(ExtensibilityGlobals) = postSolution
		SolutionGuid = {B5495A68-BE2A-4B69-B7DF-A128AEECC9C5}
	EndGlobalSection
EndGlobal
